
Microsoft Visual Studio Solution File, Format Version 12.00
# Visual Studio 15
VisualStudioVersion = 15.0.26730.16
MinimumVisualStudioVersion = 10.0.40219.1
Project("{F184B08F-C81C-45F6-A57F-5ABD9991F28F}") = "ListaMaestra.VB.Api", "ListaMaestra.VB.Api\ListaMaestra.VB.Api.vbproj", "{DCB43586-2243-493D-A9E8-5A696882A830}"
EndProject
Project("{2150E333-8FDC-42A3-9474-1A3956D46DE8}") = "Api", "Api", "{C677444B-DD84-4C23-9746-1E969595F631}"
EndProject
Project("{2150E333-8FDC-42A3-9474-1A3956D46DE8}") = "Specs", "Specs", "{89C5B93F-AD94-47C5-839F-7E034CB1BA36}"
	ProjectSection(SolutionItems) = preProject
		Specs\Agregar un proyecto.xlsx = Specs\Agregar un proyecto.xlsx
		Specs\Agregar una historia.xlsx = Specs\Agregar una historia.xlsx
		Specs\Consultar avance - UI y API.pptx = Specs\Consultar avance - UI y API.pptx
		Specs\Consultar avance.xlsx = Specs\Consultar avance.xlsx
	EndProjectSection
EndProject
Project("{F184B08F-C81C-45F6-A57F-5ABD9991F28F}") = "ListaMaestra.VB.Api.IntegrationTests", "ListaMaestra.VB.Api.IntegrationTests\ListaMaestra.VB.Api.IntegrationTests.vbproj", "{C1B51A54-3563-419C-9095-CFD9A53F54A7}"
EndProject
Project("{F184B08F-C81C-45F6-A57F-5ABD9991F28F}") = "ListaMaestra.VB.Api.UnitTests", "ListaMaestra.VB.Api.UnitTests\ListaMaestra.VB.Api.UnitTests.vbproj", "{4E83E001-2194-4BA5-98DF-0470BDDB15F4}"
EndProject
Global
	GlobalSection(SolutionConfigurationPlatforms) = preSolution
		Debug|Any CPU = Debug|Any CPU
		Release|Any CPU = Release|Any CPU
	EndGlobalSection
	GlobalSection(ProjectConfigurationPlatforms) = postSolution
		{DCB43586-2243-493D-A9E8-5A696882A830}.Debug|Any CPU.ActiveCfg = Debug|Any CPU
		{DCB43586-2243-493D-A9E8-5A696882A830}.Debug|Any CPU.Build.0 = Debug|Any CPU
		{DCB43586-2243-493D-A9E8-5A696882A830}.Release|Any CPU.ActiveCfg = Release|Any CPU
		{DCB43586-2243-493D-A9E8-5A696882A830}.Release|Any CPU.Build.0 = Release|Any CPU
		{C1B51A54-3563-419C-9095-CFD9A53F54A7}.Debug|Any CPU.ActiveCfg = Debug|Any CPU
		{C1B51A54-3563-419C-9095-CFD9A53F54A7}.Debug|Any CPU.Build.0 = Debug|Any CPU
		{C1B51A54-3563-419C-9095-CFD9A53F54A7}.Release|Any CPU.ActiveCfg = Release|Any CPU
		{C1B51A54-3563-419C-9095-CFD9A53F54A7}.Release|Any CPU.Build.0 = Release|Any CPU
		{4E83E001-2194-4BA5-98DF-0470BDDB15F4}.Debug|Any CPU.ActiveCfg = Debug|Any CPU
		{4E83E001-2194-4BA5-98DF-0470BDDB15F4}.Debug|Any CPU.Build.0 = Debug|Any CPU
		{4E83E001-2194-4BA5-98DF-0470BDDB15F4}.Release|Any CPU.ActiveCfg = Release|Any CPU
		{4E83E001-2194-4BA5-98DF-0470BDDB15F4}.Release|Any CPU.Build.0 = Release|Any CPU
	EndGlobalSection
	GlobalSection(SolutionProperties) = preSolution
		HideSolutionNode = FALSE
	EndGlobalSection
	GlobalSection(NestedProjects) = preSolution
		{DCB43586-2243-493D-A9E8-5A696882A830} = {C677444B-DD84-4C23-9746-1E969595F631}
		{C1B51A54-3563-419C-9095-CFD9A53F54A7} = {C677444B-DD84-4C23-9746-1E969595F631}
		{4E83E001-2194-4BA5-98DF-0470BDDB15F4} = {C677444B-DD84-4C23-9746-1E969595F631}
	EndGlobalSection
	GlobalSection(ExtensibilityGlobals) = postSolution
		SolutionGuid = {A6D110CE-0B1E-49F8-8679-1F152D985E8D}
	EndGlobalSection
EndGlobal
